
Microsoft Visual Studio Solution File, Format Version 12.00
# Visual Studio 15
VisualStudioVersion = 15.0.28307.572
MinimumVisualStudioVersion = 10.0.40219.1
Project("{F184B08F-C81C-45F6-A57F-5ABD9991F28F}") = "CMInventario", "Inventario\CMInventario.vbproj", "{8598DA14-C9C3-4F37-B49E-F9204E7AC894}"
EndProject
Global
	GlobalSection(SolutionConfigurationPlatforms) = preSolution
		Debug|Any CPU = Debug|Any CPU
		Debug|x86 = Debug|x86
		Release|Any CPU = Release|Any CPU
		Release|x86 = Release|x86
	EndGlobalSection
	GlobalSection(ProjectConfigurationPlatforms) = postSolution
		{8598DA14-C9C3-4F37-B49E-F9204E7AC894}.Debug|Any CPU.ActiveCfg = Debug|Any CPU
		{8598DA14-C9C3-4F37-B49E-F9204E7AC894}.Debug|Any CPU.Build.0 = Debug|Any CPU
		{8598DA14-C9C3-4F37-B49E-F9204E7AC894}.Debug|x86.ActiveCfg = Debug|x86
		{8598DA14-C9C3-4F37-B49E-F9204E7AC894}.Debug|x86.Build.0 = Debug|x86
		{8598DA14-C9C3-4F37-B49E-F9204E7AC894}.Release|Any CPU.ActiveCfg = Release|Any CPU
		{8598DA14-C9C3-4F37-B49E-F9204E7AC894}.Release|Any CPU.Build.0 = Release|Any CPU
		{8598DA14-C9C3-4F37-B49E-F9204E7AC894}.Release|x86.ActiveCfg = Release|x86
		{8598DA14-C9C3-4F37-B49E-F9204E7AC894}.Release|x86.Build.0 = Release|x86
	EndGlobalSection
	GlobalSection(SolutionProperties) = preSolution
		HideSolutionNode = FALSE
	EndGlobalSection
	GlobalSection(ExtensibilityGlobals) = postSolution
		SolutionGuid = {C590E7DF-E59D-4A1F-917B-DB434495B794}
	EndGlobalSection
EndGlobal
